
Microsoft Visual Studio Solution File, Format Version 9.00
# Visual Studio 2005
Project("{FAE04EC0-301F-11D3-BF4B-00C04F79EFBC}") = "Interlogic.Trainings.Plugs.Kernel", "Interlogic.Trainings.Plugs.Kernel\Interlogic.Trainings.Plugs.Kernel.csproj", "{B115432D-1A1A-42B6-ACB3-1271DE6EAC98}"
EndProject
Project("{FAE04EC0-301F-11D3-BF4B-00C04F79EFBC}") = "Interlogic.Trainings.Plugs.AbstractUI", "Interlogic.Trainings.Plugs.AbstractUI\Interlogic.Trainings.Plugs.AbstractUI.csproj", "{0F551CC4-EB55-45BB-8331-8EBDB1945C3D}"
EndProject
Project("{FAE04EC0-301F-11D3-BF4B-00C04F79EFBC}") = "Interlogic.Tranings.Plugs.Kernel.Test.Console", "Interlogic.Tranings.Plugs.Kernel.Test.Console\Interlogic.Tranings.Plugs.Kernel.Test.Console.csproj", "{0D9EDFEB-C52B-483A-ADD2-035510D1A608}"
EndProject
Global
	GlobalSection(SolutionConfigurationPlatforms) = preSolution
		Debug|Any CPU = Debug|Any CPU
		Release|Any CPU = Release|Any CPU
	EndGlobalSection
	GlobalSection(ProjectConfigurationPlatforms) = postSolution
		{B115432D-1A1A-42B6-ACB3-1271DE6EAC98}.Debug|Any CPU.ActiveCfg = Debug|Any CPU
		{B115432D-1A1A-42B6-ACB3-1271DE6EAC98}.Debug|Any CPU.Build.0 = Debug|Any CPU
		{B115432D-1A1A-42B6-ACB3-1271DE6EAC98}.Release|Any CPU.ActiveCfg = Release|Any CPU
		{B115432D-1A1A-42B6-ACB3-1271DE6EAC98}.Release|Any CPU.Build.0 = Release|Any CPU
		{0F551CC4-EB55-45BB-8331-8EBDB1945C3D}.Debug|Any CPU.ActiveCfg = Debug|Any CPU
		{0F551CC4-EB55-45BB-8331-8EBDB1945C3D}.Debug|Any CPU.Build.0 = Debug|Any CPU
		{0F551CC4-EB55-45BB-8331-8EBDB1945C3D}.Release|Any CPU.ActiveCfg = Release|Any CPU
		{0F551CC4-EB55-45BB-8331-8EBDB1945C3D}.Release|Any CPU.Build.0 = Release|Any CPU
		{0D9EDFEB-C52B-483A-ADD2-035510D1A608}.Debug|Any CPU.ActiveCfg = Debug|Any CPU
		{0D9EDFEB-C52B-483A-ADD2-035510D1A608}.Debug|Any CPU.Build.0 = Debug|Any CPU
		{0D9EDFEB-C52B-483A-ADD2-035510D1A608}.Release|Any CPU.ActiveCfg = Release|Any CPU
		{0D9EDFEB-C52B-483A-ADD2-035510D1A608}.Release|Any CPU.Build.0 = Release|Any CPU
	EndGlobalSection
	GlobalSection(SolutionProperties) = preSolution
		HideSolutionNode = FALSE
	EndGlobalSection
EndGlobal
