
Microsoft Visual Studio Solution File, Format Version 9.00
# Visual Studio 2005
Project("{FAE04EC0-301F-11D3-BF4B-00C04F79EFBC}") = "MSSQL_Testing_Application", "MSSQL_Testing_Application.csproj", "{29A1E4BA-DC11-4919-B4A0-A27D4C37C9F1}"
EndProject
Global
	GlobalSection(SolutionConfigurationPlatforms) = preSolution
		Debug|Any CPU = Debug|Any CPU
		Release|Any CPU = Release|Any CPU
	EndGlobalSection
	GlobalSection(ProjectConfigurationPlatforms) = postSolution
		{29A1E4BA-DC11-4919-B4A0-A27D4C37C9F1}.Debug|Any CPU.ActiveCfg = Debug|Any CPU
		{29A1E4BA-DC11-4919-B4A0-A27D4C37C9F1}.Debug|Any CPU.Build.0 = Debug|Any CPU
		{29A1E4BA-DC11-4919-B4A0-A27D4C37C9F1}.Release|Any CPU.ActiveCfg = Release|Any CPU
		{29A1E4BA-DC11-4919-B4A0-A27D4C37C9F1}.Release|Any CPU.Build.0 = Release|Any CPU
	EndGlobalSection
	GlobalSection(SolutionProperties) = preSolution
		HideSolutionNode = FALSE
	EndGlobalSection
EndGlobal
