
Microsoft Visual Studio Solution File, Format Version 10.00
# Visual Studio 2008
Project("{FAE04EC0-301F-11D3-BF4B-00C04F79EFBC}") = "FileManager", "FileManager\FileManager.csproj", "{A30B4366-7DBB-4206-B0C7-B3F67435E62A}"
EndProject
Global
	GlobalSection(SolutionConfigurationPlatforms) = preSolution
		Debug|Any CPU = Debug|Any CPU
		Release|Any CPU = Release|Any CPU
	EndGlobalSection
	GlobalSection(ProjectConfigurationPlatforms) = postSolution
		{A30B4366-7DBB-4206-B0C7-B3F67435E62A}.Debug|Any CPU.ActiveCfg = Debug|Any CPU
		{A30B4366-7DBB-4206-B0C7-B3F67435E62A}.Debug|Any CPU.Build.0 = Debug|Any CPU
		{A30B4366-7DBB-4206-B0C7-B3F67435E62A}.Release|Any CPU.ActiveCfg = Release|Any CPU
		{A30B4366-7DBB-4206-B0C7-B3F67435E62A}.Release|Any CPU.Build.0 = Release|Any CPU
	EndGlobalSection
	GlobalSection(SolutionProperties) = preSolution
		HideSolutionNode = FALSE
	EndGlobalSection
EndGlobal
